// !$*UTF8*$!
{
	archiveVersion = 1;
	classes = {
	};
	objectVersion = 60;
	objects = {

/* Begin PBXBuildFile section */
		A10000010000000000000001 /* BeckonApp.swift in Sources */ = {isa = PBXBuildFile; fileRef = A10000110000000000000001 /* BeckonApp.swift */; };
		A10000020000000000000001 /* AppDelegate.swift in Sources */ = {isa = PBXBuildFile; fileRef = A10000120000000000000001 /* AppDelegate.swift */; };
		A10000030000000000000001 /* SettingsModel.swift in Sources */ = {isa = PBXBuildFile; fileRef = A10000130000000000000001 /* SettingsModel.swift */; };
		A10000040000000000000001 /* MenuBarView.swift in Sources */ = {isa = PBXBuildFile; fileRef = A10000140000000000000001 /* MenuBarView.swift */; };
		A10000050000000000000001 /* WindowFinder.swift in Sources */ = {isa = PBXBuildFile; fileRef = A10000150000000000000001 /* WindowFinder.swift */; };
		A10000060000000000000001 /* FocusFollowsMouseManager.swift in Sources */ = {isa = PBXBuildFile; fileRef = A10000160000000000000001 /* FocusFollowsMouseManager.swift */; };
		A10000070000000000000001 /* AppKit.framework in Frameworks */ = {isa = PBXBuildFile; fileRef = A10000210000000000000001 /* AppKit.framework */; };
		A10000080000000000000001 /* Assets.xcassets in Resources */ = {isa = PBXBuildFile; fileRef = A10000190000000000000001 /* Assets.xcassets */; };
		A10000090000000000000001 /* HoverDelayCalculator.swift in Sources */ = {isa = PBXBuildFile; fileRef = A100001A0000000000000001 /* HoverDelayCalculator.swift */; };
		A100000A0000000000000001 /* SettingsModelTests.swift in Sources */ = {isa = PBXBuildFile; fileRef = A100001C0000000000000001 /* SettingsModelTests.swift */; };
		A100000B0000000000000001 /* HoverDelayCalculatorTests.swift in Sources */ = {isa = PBXBuildFile; fileRef = A100001D0000000000000001 /* HoverDelayCalculatorTests.swift */; };
		A100000C0000000000000001 /* XCTest.framework in Frameworks */ = {isa = PBXBuildFile; fileRef = A10000220000000000000001 /* XCTest.framework */; };
		A100000D0000000000000001 /* BorderHighlightWindow.swift in Sources */ = {isa = PBXBuildFile; fileRef = A100001E0000000000000001 /* BorderHighlightWindow.swift */; };
		A100000E0000000000000001 /* BorderHighlightWindowTests.swift in Sources */ = {isa = PBXBuildFile; fileRef = A100001F0000000000000001 /* BorderHighlightWindowTests.swift */; };
		A100000F0000000000000001 /* WindowCandidateSelector.swift in Sources */ = {isa = PBXBuildFile; fileRef = A10000200000000000000001 /* WindowCandidateSelector.swift */; };
		A10000250000000000000001 /* FocusFollowsMouseManagerTests.swift in Sources */ = {isa = PBXBuildFile; fileRef = A10000230000000000000001 /* FocusFollowsMouseManagerTests.swift */; };
		A10000260000000000000001 /* WindowCandidateSelectorTests.swift in Sources */ = {isa = PBXBuildFile; fileRef = A10000240000000000000001 /* WindowCandidateSelectorTests.swift */; };
/* End PBXBuildFile section */

/* Begin PBXContainerItemProxy section */
		A10000810000000000000001 /* PBXContainerItemProxy */ = {
			isa = PBXContainerItemProxy;
			containerPortal = A10000610000000000000001 /* Project object */;
			proxyType = 1;
			remoteGlobalIDString = A10000510000000000000001;
			remoteInfo = Beckon;
		};
/* End PBXContainerItemProxy section */

/* Begin PBXFileReference section */
		A10000110000000000000001 /* BeckonApp.swift */ = {isa = PBXFileReference; lastKnownFileType = sourcecode.swift; path = BeckonApp.swift; sourceTree = "<group>"; };
		A10000120000000000000001 /* AppDelegate.swift */ = {isa = PBXFileReference; lastKnownFileType = sourcecode.swift; path = AppDelegate.swift; sourceTree = "<group>"; };
		A10000130000000000000001 /* SettingsModel.swift */ = {isa = PBXFileReference; lastKnownFileType = sourcecode.swift; path = SettingsModel.swift; sourceTree = "<group>"; };
		A10000140000000000000001 /* MenuBarView.swift */ = {isa = PBXFileReference; lastKnownFileType = sourcecode.swift; path = MenuBarView.swift; sourceTree = "<group>"; };
		A10000150000000000000001 /* WindowFinder.swift */ = {isa = PBXFileReference; lastKnownFileType = sourcecode.swift; path = WindowFinder.swift; sourceTree = "<group>"; };
		A10000160000000000000001 /* FocusFollowsMouseManager.swift */ = {isa = PBXFileReference; lastKnownFileType = sourcecode.swift; path = FocusFollowsMouseManager.swift; sourceTree = "<group>"; };
		A10000170000000000000001 /* Info.plist */ = {isa = PBXFileReference; lastKnownFileType = text.plist.xml; path = Info.plist; sourceTree = "<group>"; };
		A10000180000000000000001 /* Beckon.app */ = {isa = PBXFileReference; explicitFileType = wrapper.application; includeInIndex = 0; path = Beckon.app; sourceTree = BUILT_PRODUCTS_DIR; };
		A10000190000000000000001 /* Assets.xcassets */ = {isa = PBXFileReference; lastKnownFileType = folder.assetcatalog; path = Assets.xcassets; sourceTree = "<group>"; };
		A100001A0000000000000001 /* HoverDelayCalculator.swift */ = {isa = PBXFileReference; lastKnownFileType = sourcecode.swift; path = HoverDelayCalculator.swift; sourceTree = "<group>"; };
		A100001B0000000000000001 /* BeckonTests.xctest */ = {isa = PBXFileReference; explicitFileType = wrapper.cfbundle; includeInIndex = 0; path = BeckonTests.xctest; sourceTree = BUILT_PRODUCTS_DIR; };
		A100001C0000000000000001 /* SettingsModelTests.swift */ = {isa = PBXFileReference; lastKnownFileType = sourcecode.swift; path = SettingsModelTests.swift; sourceTree = "<group>"; };
		A100001D0000000000000001 /* HoverDelayCalculatorTests.swift */ = {isa = PBXFileReference; lastKnownFileType = sourcecode.swift; path = HoverDelayCalculatorTests.swift; sourceTree = "<group>"; };
		A100001E0000000000000001 /* BorderHighlightWindow.swift */ = {isa = PBXFileReference; lastKnownFileType = sourcecode.swift; path = BorderHighlightWindow.swift; sourceTree = "<group>"; };
		A100001F0000000000000001 /* BorderHighlightWindowTests.swift */ = {isa = PBXFileReference; lastKnownFileType = sourcecode.swift; path = BorderHighlightWindowTests.swift; sourceTree = "<group>"; };
		A10000200000000000000001 /* WindowCandidateSelector.swift */ = {isa = PBXFileReference; lastKnownFileType = sourcecode.swift; path = WindowCandidateSelector.swift; sourceTree = "<group>"; };
		A10000230000000000000001 /* FocusFollowsMouseManagerTests.swift */ = {isa = PBXFileReference; lastKnownFileType = sourcecode.swift; path = FocusFollowsMouseManagerTests.swift; sourceTree = "<group>"; };
		A10000240000000000000001 /* WindowCandidateSelectorTests.swift */ = {isa = PBXFileReference; lastKnownFileType = sourcecode.swift; path = WindowCandidateSelectorTests.swift; sourceTree = "<group>"; };
		A10000210000000000000001 /* AppKit.framework */ = {isa = PBXFileReference; lastKnownFileType = wrapper.framework; name = AppKit.framework; path = System/Library/Frameworks/AppKit.framework; sourceTree = SDKROOT; };
		A10000220000000000000001 /* XCTest.framework */ = {isa = PBXFileReference; lastKnownFileType = wrapper.framework; name = XCTest.framework; path = System/Library/Frameworks/XCTest.framework; sourceTree = SDKROOT; };
/* End PBXFileReference section */

/* Begin PBXFrameworksBuildPhase section */
		A10000310000000000000001 /* Frameworks */ = {
			isa = PBXFrameworksBuildPhase;
			buildActionMask = 2147483647;
			files = (
				A10000070000000000000001 /* AppKit.framework in Frameworks */,
			);
			runOnlyForDeploymentPostprocessing = 0;
		};
		A10000340000000000000001 /* Frameworks */ = {
			isa = PBXFrameworksBuildPhase;
			buildActionMask = 2147483647;
			files = (
				A100000C0000000000000001 /* XCTest.framework in Frameworks */,
			);
			runOnlyForDeploymentPostprocessing = 0;
		};
/* End PBXFrameworksBuildPhase section */

/* Begin PBXGroup section */
		A10000410000000000000001 = {
			isa = PBXGroup;
			children = (
				A10000420000000000000001 /* Beckon */,
				A10000450000000000000001 /* BeckonTests */,
				A10000430000000000000001 /* Frameworks */,
				A10000440000000000000001 /* Products */,
			);
			sourceTree = "<group>";
		};
		A10000420000000000000001 /* Beckon */ = {
			isa = PBXGroup;
			children = (
				A10000190000000000000001 /* Assets.xcassets */,
				A10000110000000000000001 /* BeckonApp.swift */,
				A10000120000000000000001 /* AppDelegate.swift */,
				A10000130000000000000001 /* SettingsModel.swift */,
				A10000140000000000000001 /* MenuBarView.swift */,
				A10000150000000000000001 /* WindowFinder.swift */,
				A10000160000000000000001 /* FocusFollowsMouseManager.swift */,
				A100001A0000000000000001 /* HoverDelayCalculator.swift */,
				A100001E0000000000000001 /* BorderHighlightWindow.swift */,
				A10000200000000000000001 /* WindowCandidateSelector.swift */,
				A10000170000000000000001 /* Info.plist */,
			);
			path = Beckon;
			sourceTree = "<group>";
		};
		A10000450000000000000001 /* BeckonTests */ = {
			isa = PBXGroup;
			children = (
				A100001C0000000000000001 /* SettingsModelTests.swift */,
				A100001D0000000000000001 /* HoverDelayCalculatorTests.swift */,
				A100001F0000000000000001 /* BorderHighlightWindowTests.swift */,
				A10000230000000000000001 /* FocusFollowsMouseManagerTests.swift */,
				A10000240000000000000001 /* WindowCandidateSelectorTests.swift */,
			);
			path = BeckonTests;
			sourceTree = "<group>";
		};
		A10000430000000000000001 /* Frameworks */ = {
			isa = PBXGroup;
			children = (
				A10000210000000000000001 /* AppKit.framework */,
				A10000220000000000000001 /* XCTest.framework */,
			);
			name = Frameworks;
			sourceTree = "<group>";
		};
		A10000440000000000000001 /* Products */ = {
			isa = PBXGroup;
			children = (
				A10000180000000000000001 /* Beckon.app */,
				A100001B0000000000000001 /* BeckonTests.xctest */,
			);
			name = Products;
			sourceTree = "<group>";
		};
/* End PBXGroup section */

/* Begin PBXNativeTarget section */
		A10000510000000000000001 /* Beckon */ = {
			isa = PBXNativeTarget;
			buildConfigurationList = A10000630000000000000001 /* Build configuration list for PBXNativeTarget "Beckon" */;
			buildPhases = (
				A10000320000000000000001 /* Sources */,
				A10000310000000000000001 /* Frameworks */,
				A10000330000000000000001 /* Resources */,
			);
			buildRules = (
			);
			dependencies = (
			);
			name = Beckon;
			productName = Beckon;
			productReference = A10000180000000000000001 /* Beckon.app */;
			productType = "com.apple.product-type.application";
		};
		A10000520000000000000001 /* BeckonTests */ = {
			isa = PBXNativeTarget;
			buildConfigurationList = A10000640000000000000001 /* Build configuration list for PBXNativeTarget "BeckonTests" */;
			buildPhases = (
				A10000350000000000000001 /* Sources */,
				A10000340000000000000001 /* Frameworks */,
			);
			buildRules = (
			);
			dependencies = (
				A10000820000000000000001 /* PBXTargetDependency */,
			);
			name = BeckonTests;
			productName = BeckonTests;
			productReference = A100001B0000000000000001 /* BeckonTests.xctest */;
			productType = "com.apple.product-type.bundle.unit-test";
		};
/* End PBXNativeTarget section */

/* Begin PBXProject section */
		A10000610000000000000001 /* Project object */ = {
			isa = PBXProject;
			attributes = {
				BuildIndependentTargetsInParallel = 1;
				LastSwiftUpdateCheck = 1630;
				LastUpgradeCheck = 1630;
				TargetAttributes = {
					A10000510000000000000001 = {
						CreatedOnToolsVersion = 16.3;
					};
					A10000520000000000000001 = {
						CreatedOnToolsVersion = 16.3;
						TestTargetID = A10000510000000000000001;
					};
				};
			};
			buildConfigurationList = A10000620000000000000001 /* Build configuration list for PBXProject "Beckon" */;
			compatibilityVersion = "Xcode 15.0";
			developmentRegion = en;
			hasScannedForEncodings = 0;
			knownRegions = (
				en,
				Base,
			);
			mainGroup = A10000410000000000000001;
			productRefGroup = A10000440000000000000001 /* Products */;
			projectDirPath = "";
			projectRoot = "";
			targets = (
				A10000510000000000000001 /* Beckon */,
				A10000520000000000000001 /* BeckonTests */,
			);
		};
/* End PBXProject section */

/* Begin PBXResourcesBuildPhase section */
		A10000330000000000000001 /* Resources */ = {
			isa = PBXResourcesBuildPhase;
			buildActionMask = 2147483647;
			files = (
				A10000080000000000000001 /* Assets.xcassets in Resources */,
			);
			runOnlyForDeploymentPostprocessing = 0;
		};
/* End PBXResourcesBuildPhase section */

/* Begin PBXSourcesBuildPhase section */
		A10000320000000000000001 /* Sources */ = {
			isa = PBXSourcesBuildPhase;
			buildActionMask = 2147483647;
			files = (
				A10000010000000000000001 /* BeckonApp.swift in Sources */,
				A10000020000000000000001 /* AppDelegate.swift in Sources */,
				A10000030000000000000001 /* SettingsModel.swift in Sources */,
				A10000040000000000000001 /* MenuBarView.swift in Sources */,
				A10000050000000000000001 /* WindowFinder.swift in Sources */,
				A10000060000000000000001 /* FocusFollowsMouseManager.swift in Sources */,
				A10000090000000000000001 /* HoverDelayCalculator.swift in Sources */,
				A100000D0000000000000001 /* BorderHighlightWindow.swift in Sources */,
				A100000F0000000000000001 /* WindowCandidateSelector.swift in Sources */,
			);
			runOnlyForDeploymentPostprocessing = 0;
		};
		A10000350000000000000001 /* Sources */ = {
			isa = PBXSourcesBuildPhase;
			buildActionMask = 2147483647;
			files = (
				A100000A0000000000000001 /* SettingsModelTests.swift in Sources */,
				A100000B0000000000000001 /* HoverDelayCalculatorTests.swift in Sources */,
				A100000E0000000000000001 /* BorderHighlightWindowTests.swift in Sources */,
				A10000250000000000000001 /* FocusFollowsMouseManagerTests.swift in Sources */,
				A10000260000000000000001 /* WindowCandidateSelectorTests.swift in Sources */,
			);
			runOnlyForDeploymentPostprocessing = 0;
		};
/* End PBXSourcesBuildPhase section */

/* Begin PBXTargetDependency section */
		A10000820000000000000001 /* PBXTargetDependency */ = {
			isa = PBXTargetDependency;
			target = A10000510000000000000001 /* Beckon */;
			targetProxy = A10000810000000000000001 /* PBXContainerItemProxy */;
		};
/* End PBXTargetDependency section */

/* Begin XCBuildConfiguration section */
		A10000710000000000000001 /* Debug */ = {
			isa = XCBuildConfiguration;
			buildSettings = {
				ALWAYS_SEARCH_USER_PATHS = NO;
				CLANG_ENABLE_MODULES = YES;
				CLANG_ENABLE_OBJC_ARC = YES;
				CLANG_WARN_DOCUMENTATION_COMMENTS = YES;
				CLANG_WARN_EMPTY_BODY = YES;
				CLANG_WARN_UNGUARDED_AVAILABILITY = YES_AGGRESSIVE;
				COPY_PHASE_STRIP = NO;
				DEBUG_INFORMATION_FORMAT = dwarf;
				ENABLE_STRICT_OBJC_MSGSEND = YES;
				ENABLE_TESTABILITY = YES;
				GCC_C_LANGUAGE_STANDARD = gnu17;
				GCC_DYNAMIC_NO_PIC = NO;
				GCC_OPTIMIZATION_LEVEL = 0;
				GCC_PREPROCESSOR_DEFINITIONS = (
					"DEBUG=1",
					"$(inherited)",
				);
				MACOSX_DEPLOYMENT_TARGET = 13.0;
				MTL_ENABLE_DEBUG_INFO = INCLUDE_SOURCE;
				ONLY_ACTIVE_ARCH = YES;
				SDKROOT = macosx;
				SWIFT_ACTIVE_COMPILATION_CONDITIONS = "DEBUG $(inherited)";
				SWIFT_OPTIMIZATION_LEVEL = "-Onone";
			};
			name = Debug;
		};
		A10000720000000000000001 /* Release */ = {
			isa = XCBuildConfiguration;
			buildSettings = {
				ALWAYS_SEARCH_USER_PATHS = NO;
				CLANG_ENABLE_MODULES = YES;
				CLANG_ENABLE_OBJC_ARC = YES;
				CLANG_WARN_DOCUMENTATION_COMMENTS = YES;
				CLANG_WARN_EMPTY_BODY = YES;
				CLANG_WARN_UNGUARDED_AVAILABILITY = YES_AGGRESSIVE;
				COPY_PHASE_STRIP = NO;
				DEBUG_INFORMATION_FORMAT = "dwarf-with-dsym";
				ENABLE_NS_ASSERTIONS = NO;
				ENABLE_STRICT_OBJC_MSGSEND = YES;
				GCC_C_LANGUAGE_STANDARD = gnu17;
				MACOSX_DEPLOYMENT_TARGET = 13.0;
				MTL_ENABLE_DEBUG_INFO = NO;
				SDKROOT = macosx;
				SWIFT_COMPILATION_MODE = wholemodule;
				SWIFT_OPTIMIZATION_LEVEL = "-O";
			};
			name = Release;
		};
		A10000730000000000000001 /* Debug */ = {
			isa = XCBuildConfiguration;
			buildSettings = {
				ASSETCATALOG_COMPILER_APPICON_NAME = AppIcon;
				CODE_SIGN_STYLE = Automatic;
				CURRENT_PROJECT_VERSION = 1;
				GENERATE_INFOPLIST_FILE = NO;
				INFOPLIST_FILE = Beckon/Info.plist;
				LD_RUNPATH_SEARCH_PATHS = (
					"$(inherited)",
					"@executable_path/../Frameworks",
				);
				MACOSX_DEPLOYMENT_TARGET = 13.0;
				MARKETING_VERSION = 1.0;
				PRODUCT_BUNDLE_IDENTIFIER = io.github.gliptak.beckon;
				PRODUCT_NAME = "$(TARGET_NAME)";
				SWIFT_EMIT_LOC_STRINGS = YES;
				SWIFT_VERSION = 6.0;
			};
			name = Debug;
		};
		A10000740000000000000001 /* Release */ = {
			isa = XCBuildConfiguration;
			buildSettings = {
				ASSETCATALOG_COMPILER_APPICON_NAME = AppIcon;
				CODE_SIGN_STYLE = Automatic;
				CURRENT_PROJECT_VERSION = 1;
				GENERATE_INFOPLIST_FILE = NO;
				INFOPLIST_FILE = Beckon/Info.plist;
				LD_RUNPATH_SEARCH_PATHS = (
					"$(inherited)",
					"@executable_path/../Frameworks",
				);
				MACOSX_DEPLOYMENT_TARGET = 13.0;
				MARKETING_VERSION = 1.0;
				PRODUCT_BUNDLE_IDENTIFIER = io.github.gliptak.beckon;
				PRODUCT_NAME = "$(TARGET_NAME)";
				SWIFT_EMIT_LOC_STRINGS = YES;
				SWIFT_VERSION = 6.0;
			};
			name = Release;
		};
		A10000750000000000000001 /* Debug */ = {
			isa = XCBuildConfiguration;
			buildSettings = {
				BUNDLE_LOADER = "$(TEST_HOST)";
				CODE_SIGN_STYLE = Automatic;
				CURRENT_PROJECT_VERSION = 1;
				GENERATE_INFOPLIST_FILE = YES;
				MACOSX_DEPLOYMENT_TARGET = 13.0;
				MARKETING_VERSION = 1.0;
				PRODUCT_BUNDLE_IDENTIFIER = io.github.gliptak.beckonTests;
				PRODUCT_NAME = "$(TARGET_NAME)";
				SWIFT_VERSION = 6.0;
				TEST_HOST = "$(BUILT_PRODUCTS_DIR)/Beckon.app/Contents/MacOS/Beckon";
			};
			name = Debug;
		};
		A10000760000000000000001 /* Release */ = {
			isa = XCBuildConfiguration;
			buildSettings = {
				BUNDLE_LOADER = "$(TEST_HOST)";
				CODE_SIGN_STYLE = Automatic;
				CURRENT_PROJECT_VERSION = 1;
				GENERATE_INFOPLIST_FILE = YES;
				MACOSX_DEPLOYMENT_TARGET = 13.0;
				MARKETING_VERSION = 1.0;
				PRODUCT_BUNDLE_IDENTIFIER = io.github.gliptak.beckonTests;
				PRODUCT_NAME = "$(TARGET_NAME)";
				SWIFT_VERSION = 6.0;
				TEST_HOST = "$(BUILT_PRODUCTS_DIR)/Beckon.app/Contents/MacOS/Beckon";
			};
			name = Release;
		};
/* End XCBuildConfiguration section */

/* Begin XCConfigurationList section */
		A10000620000000000000001 /* Build configuration list for PBXProject "Beckon" */ = {
			isa = XCConfigurationList;
			buildConfigurations = (
				A10000710000000000000001 /* Debug */,
				A10000720000000000000001 /* Release */,
			);
			defaultConfigurationIsVisible = 0;
			defaultConfigurationName = Release;
		};
		A10000630000000000000001 /* Build configuration list for PBXNativeTarget "Beckon" */ = {
			isa = XCConfigurationList;
			buildConfigurations = (
				A10000730000000000000001 /* Debug */,
				A10000740000000000000001 /* Release */,
			);
			defaultConfigurationIsVisible = 0;
			defaultConfigurationName = Release;
		};
		A10000640000000000000001 /* Build configuration list for PBXNativeTarget "BeckonTests" */ = {
			isa = XCConfigurationList;
			buildConfigurations = (
				A10000750000000000000001 /* Debug */,
				A10000760000000000000001 /* Release */,
			);
			defaultConfigurationIsVisible = 0;
			defaultConfigurationName = Release;
		};
/* End XCConfigurationList section */
	};
	rootObject = A10000610000000000000001 /* Project object */;
}
